
Microsoft Visual Studio Solution File, Format Version 12.00
# Visual Studio Version 17
VisualStudioVersion = 17.2.32630.192
MinimumVisualStudioVersion = 10.0.40219.1
Project("{9A19103F-16F7-4668-BE54-9A1E7A4F7556}") = "DataAccess", "DataAccess\DataAccess.csproj", "{A5AB59A8-77E3-4CBB-8B21-B704F02C022F}"
EndProject
Project("{9A19103F-16F7-4668-BE54-9A1E7A4F7556}") = "Business", "Business\Business.csproj", "{EA1A3DDF-578A-455F-B5FF-E69C488F5224}"
EndProject
Project("{9A19103F-16F7-4668-BE54-9A1E7A4F7556}") = "Entities", "Entities\Entities.csproj", "{96F7AFD9-7ACE-40CB-A2A6-9487F7F7511C}"
EndProject
Project("{9A19103F-16F7-4668-BE54-9A1E7A4F7556}") = "ConsoleUI", "ConsoleUI\ConsoleUI.csproj", "{47C8066D-9635-42A1-A2FD-A9069C853EAD}"
EndProject
Project("{FAE04EC0-301F-11D3-BF4B-00C04F79EFBC}") = "Core", "Core\Core.csproj", "{3F323D38-7393-4E20-83B9-A31CB70B4BC1}"
EndProject
Global
	GlobalSection(SolutionConfigurationPlatforms) = preSolution
		Debug|Any CPU = Debug|Any CPU
		Release|Any CPU = Release|Any CPU
	EndGlobalSection
	GlobalSection(ProjectConfigurationPlatforms) = postSolution
		{A5AB59A8-77E3-4CBB-8B21-B704F02C022F}.Debug|Any CPU.ActiveCfg = Debug|Any CPU
		{A5AB59A8-77E3-4CBB-8B21-B704F02C022F}.Debug|Any CPU.Build.0 = Debug|Any CPU
		{A5AB59A8-77E3-4CBB-8B21-B704F02C022F}.Release|Any CPU.ActiveCfg = Release|Any CPU
		{A5AB59A8-77E3-4CBB-8B21-B704F02C022F}.Release|Any CPU.Build.0 = Release|Any CPU
		{EA1A3DDF-578A-455F-B5FF-E69C488F5224}.Debug|Any CPU.ActiveCfg = Debug|Any CPU
		{EA1A3DDF-578A-455F-B5FF-E69C488F5224}.Debug|Any CPU.Build.0 = Debug|Any CPU
		{EA1A3DDF-578A-455F-B5FF-E69C488F5224}.Release|Any CPU.ActiveCfg = Release|Any CPU
		{EA1A3DDF-578A-455F-B5FF-E69C488F5224}.Release|Any CPU.Build.0 = Release|Any CPU
		{96F7AFD9-7ACE-40CB-A2A6-9487F7F7511C}.Debug|Any CPU.ActiveCfg = Debug|Any CPU
		{96F7AFD9-7ACE-40CB-A2A6-9487F7F7511C}.Debug|Any CPU.Build.0 = Debug|Any CPU
		{96F7AFD9-7ACE-40CB-A2A6-9487F7F7511C}.Release|Any CPU.ActiveCfg = Release|Any CPU
		{96F7AFD9-7ACE-40CB-A2A6-9487F7F7511C}.Release|Any CPU.Build.0 = Release|Any CPU
		{47C8066D-9635-42A1-A2FD-A9069C853EAD}.Debug|Any CPU.ActiveCfg = Debug|Any CPU
		{47C8066D-9635-42A1-A2FD-A9069C853EAD}.Debug|Any CPU.Build.0 = Debug|Any CPU
		{47C8066D-9635-42A1-A2FD-A9069C853EAD}.Release|Any CPU.ActiveCfg = Release|Any CPU
		{47C8066D-9635-42A1-A2FD-A9069C853EAD}.Release|Any CPU.Build.0 = Release|Any CPU
		{3F323D38-7393-4E20-83B9-A31CB70B4BC1}.Debug|Any CPU.ActiveCfg = Debug|Any CPU
		{3F323D38-7393-4E20-83B9-A31CB70B4BC1}.Debug|Any CPU.Build.0 = Debug|Any CPU
		{3F323D38-7393-4E20-83B9-A31CB70B4BC1}.Release|Any CPU.ActiveCfg = Release|Any CPU
		{3F323D38-7393-4E20-83B9-A31CB70B4BC1}.Release|Any CPU.Build.0 = Release|Any CPU
	EndGlobalSection
	GlobalSection(SolutionProperties) = preSolution
		HideSolutionNode = FALSE
	EndGlobalSection
	GlobalSection(ExtensibilityGlobals) = postSolution
		SolutionGuid = {B7CD271B-8C18-416F-A598-64C1BE25F480}
	EndGlobalSection
EndGlobal
